// !$*UTF8*$!
{
	archiveVersion = 1;
	classes = {
	};
	objectVersion = 46;
	objects = {

/* Begin PBXBuildFile section */
		18479868192BE38D0034DC1B /* Foundation.framework in Frameworks */ = {isa = PBXBuildFile; fileRef = 18479867192BE38D0034DC1B /* Foundation.framework */; };
		1847986D192BE38D0034DC1B /* Library.h in CopyFiles */ = {isa = PBXBuildFile; fileRef = 1847986C192BE38D0034DC1B /* Library.h */; };
		1847986F192BE38D0034DC1B /* Library.m in Sources */ = {isa = PBXBuildFile; fileRef = 1847986E192BE38D0034DC1B /* Library.m */; };
		18479876192BE38D0034DC1B /* XCTest.framework in Frameworks */ = {isa = PBXBuildFile; fileRef = 18479875192BE38D0034DC1B /* XCTest.framework */; };
		18479877192BE38D0034DC1B /* Foundation.framework in Frameworks */ = {isa = PBXBuildFile; fileRef = 18479867192BE38D0034DC1B /* Foundation.framework */; };
		18479879192BE38D0034DC1B /* UIKit.framework in Frameworks */ = {isa = PBXBuildFile; fileRef = 18479878192BE38D0034DC1B /* UIKit.framework */; };
		1847987C192BE38D0034DC1B /* libLibrary.a in Frameworks */ = {isa = PBXBuildFile; fileRef = 18479864192BE38D0034DC1B /* libLibrary.a */; };
		18479882192BE38D0034DC1B /* InfoPlist.strings in Resources */ = {isa = PBXBuildFile; fileRef = 18479880192BE38D0034DC1B /* InfoPlist.strings */; };
		18479884192BE38D0034DC1B /* LibraryTests.m in Sources */ = {isa = PBXBuildFile; fileRef = 18479883192BE38D0034DC1B /* LibraryTests.m */; };
/* End PBXBuildFile section */

/* Begin PBXContainerItemProxy section */
		1847987A192BE38D0034DC1B /* PBXContainerItemProxy */ = {
			isa = PBXContainerItemProxy;
			containerPortal = 1847985C192BE38D0034DC1B /* Project object */;
			proxyType = 1;
			remoteGlobalIDString = 18479863192BE38D0034DC1B;
			remoteInfo = Library;
		};
/* End PBXContainerItemProxy section */

/* Begin PBXCopyFilesBuildPhase section */
		18479862192BE38D0034DC1B /* CopyFiles */ = {
			isa = PBXCopyFilesBuildPhase;
			buildActionMask = 2147483647;
			dstPath = "include/$(PRODUCT_NAME)";
			dstSubfolderSpec = 16;
			files = (
				1847986D192BE38D0034DC1B /* Library.h in CopyFiles */,
			);
			runOnlyForDeploymentPostprocessing = 0;
		};
/* End PBXCopyFilesBuildPhase section */

/* Begin PBXFileReference section */
		18479864192BE38D0034DC1B /* libLibrary.a */ = {isa = PBXFileReference; explicitFileType = archive.ar; includeInIndex = 0; path = libLibrary.a; sourceTree = BUILT_PRODUCTS_DIR; };
		18479867192BE38D0034DC1B /* Foundation.framework */ = {isa = PBXFileReference; lastKnownFileType = wrapper.framework; name = Foundation.framework; path = System/Library/Frameworks/Foundation.framework; sourceTree = SDKROOT; };
		1847986B192BE38D0034DC1B /* Library-Prefix.pch */ = {isa = PBXFileReference; lastKnownFileType = sourcecode.c.h; path = "Library-Prefix.pch"; sourceTree = "<group>"; };
		1847986C192BE38D0034DC1B /* Library.h */ = {isa = PBXFileReference; lastKnownFileType = sourcecode.c.h; path = Library.h; sourceTree = "<group>"; };
		1847986E192BE38D0034DC1B /* Library.m */ = {isa = PBXFileReference; lastKnownFileType = sourcecode.c.objc; path = Library.m; sourceTree = "<group>"; };
		18479874192BE38D0034DC1B /* LibraryTests.xctest */ = {isa = PBXFileReference; explicitFileType = wrapper.cfbundle; includeInIndex = 0; path = LibraryTests.xctest; sourceTree = BUILT_PRODUCTS_DIR; };
		18479875192BE38D0034DC1B /* XCTest.framework */ = {isa = PBXFileReference; lastKnownFileType = wrapper.framework; name = XCTest.framework; path = Library/Frameworks/XCTest.framework; sourceTree = DEVELOPER_DIR; };
		18479878192BE38D0034DC1B /* UIKit.framework */ = {isa = PBXFileReference; lastKnownFileType = wrapper.framework; name = UIKit.framework; path = Library/Frameworks/UIKit.framework; sourceTree = DEVELOPER_DIR; };
		1847987F192BE38D0034DC1B /* LibraryTests-Info.plist */ = {isa = PBXFileReference; lastKnownFileType = text.plist.xml; path = "LibraryTests-Info.plist"; sourceTree = "<group>"; };
		18479881192BE38D0034DC1B /* en */ = {isa = PBXFileReference; lastKnownFileType = text.plist.strings; name = en; path = en.lproj/InfoPlist.strings; sourceTree = "<group>"; };
		18479883192BE38D0034DC1B /* LibraryTests.m */ = {isa = PBXFileReference; lastKnownFileType = sourcecode.c.objc; path = LibraryTests.m; sourceTree = "<group>"; };
/* End PBXFileReference section */

/* Begin PBXFrameworksBuildPhase section */
		18479861192BE38D0034DC1B /* Frameworks */ = {
			isa = PBXFrameworksBuildPhase;
			buildActionMask = 2147483647;
			files = (
				18479868192BE38D0034DC1B /* Foundation.framework in Frameworks */,
			);
			runOnlyForDeploymentPostprocessing = 0;
		};
		18479871192BE38D0034DC1B /* Frameworks */ = {
			isa = PBXFrameworksBuildPhase;
			buildActionMask = 2147483647;
			files = (
				18479876192BE38D0034DC1B /* XCTest.framework in Frameworks */,
				18479879192BE38D0034DC1B /* UIKit.framework in Frameworks */,
				18479877192BE38D0034DC1B /* Foundation.framework in Frameworks */,
				1847987C192BE38D0034DC1B /* libLibrary.a in Frameworks */,
			);
			runOnlyForDeploymentPostprocessing = 0;
		};
/* End PBXFrameworksBuildPhase section */

/* Begin PBXGroup section */
		1847985B192BE38D0034DC1B = {
			isa = PBXGroup;
			children = (
				18479869192BE38D0034DC1B /* Library */,
				1847987D192BE38D0034DC1B /* LibraryTests */,
				18479866192BE38D0034DC1B /* Frameworks */,
				18479865192BE38D0034DC1B /* Products */,
			);
			sourceTree = "<group>";
		};
		18479865192BE38D0034DC1B /* Products */ = {
			isa = PBXGroup;
			children = (
				18479864192BE38D0034DC1B /* libLibrary.a */,
				18479874192BE38D0034DC1B /* LibraryTests.xctest */,
			);
			name = Products;
			sourceTree = "<group>";
		};
		18479866192BE38D0034DC1B /* Frameworks */ = {
			isa = PBXGroup;
			children = (
				18479867192BE38D0034DC1B /* Foundation.framework */,
				18479875192BE38D0034DC1B /* XCTest.framework */,
				18479878192BE38D0034DC1B /* UIKit.framework */,
			);
			name = Frameworks;
			sourceTree = "<group>";
		};
		18479869192BE38D0034DC1B /* Library */ = {
			isa = PBXGroup;
			children = (
				1847986C192BE38D0034DC1B /* Library.h */,
				1847986E192BE38D0034DC1B /* Library.m */,
				1847986A192BE38D0034DC1B /* Supporting Files */,
			);
			path = Library;
			sourceTree = "<group>";
		};
		1847986A192BE38D0034DC1B /* Supporting Files */ = {
			isa = PBXGroup;
			children = (
				1847986B192BE38D0034DC1B /* Library-Prefix.pch */,
			);
			name = "Supporting Files";
			sourceTree = "<group>";
		};
		1847987D192BE38D0034DC1B /* LibraryTests */ = {
			isa = PBXGroup;
			children = (
				18479883192BE38D0034DC1B /* LibraryTests.m */,
				1847987E192BE38D0034DC1B /* Supporting Files */,
			);
			path = LibraryTests;
			sourceTree = "<group>";
		};
		1847987E192BE38D0034DC1B /* Supporting Files */ = {
			isa = PBXGroup;
			children = (
				1847987F192BE38D0034DC1B /* LibraryTests-Info.plist */,
				18479880192BE38D0034DC1B /* InfoPlist.strings */,
			);
			name = "Supporting Files";
			sourceTree = "<group>";
		};
/* End PBXGroup section */

/* Begin PBXNativeTarget section */
		18479863192BE38D0034DC1B /* Library */ = {
			isa = PBXNativeTarget;
			buildConfigurationList = 18479887192BE38D0034DC1B /* Build configuration list for PBXNativeTarget "Library" */;
			buildPhases = (
				18479860192BE38D0034DC1B /* Sources */,
				18479861192BE38D0034DC1B /* Frameworks */,
				18479862192BE38D0034DC1B /* CopyFiles */,
			);
			buildRules = (
			);
			dependencies = (
			);
			name = Library;
			productName = Library;
			productReference = 18479864192BE38D0034DC1B /* libLibrary.a */;
			productType = "com.apple.product-type.library.static";
		};
		18479873192BE38D0034DC1B /* LibraryTests */ = {
			isa = PBXNativeTarget;
			buildConfigurationList = 1847988A192BE38D0034DC1B /* Build configuration list for PBXNativeTarget "LibraryTests" */;
			buildPhases = (
				18479870192BE38D0034DC1B /* Sources */,
				18479871192BE38D0034DC1B /* Frameworks */,
				18479872192BE38D0034DC1B /* Resources */,
			);
			buildRules = (
			);
			dependencies = (
				1847987B192BE38D0034DC1B /* PBXTargetDependency */,
			);
			name = LibraryTests;
			productName = LibraryTests;
			productReference = 18479874192BE38D0034DC1B /* LibraryTests.xctest */;
			productType = "com.apple.product-type.bundle.unit-test";
		};
/* End PBXNativeTarget section */

/* Begin PBXProject section */
		1847985C192BE38D0034DC1B /* Project object */ = {
			isa = PBXProject;
			attributes = {
				LastUpgradeCheck = 0510;
				ORGANIZATIONNAME = "Marco Velluto";
			};
			buildConfigurationList = 1847985F192BE38D0034DC1B /* Build configuration list for PBXProject "Library" */;
			compatibilityVersion = "Xcode 3.2";
			developmentRegion = English;
			hasScannedForEncodings = 0;
			knownRegions = (
				en,
			);
			mainGroup = 1847985B192BE38D0034DC1B;
			productRefGroup = 18479865192BE38D0034DC1B /* Products */;
			projectDirPath = "";
			projectRoot = "";
			targets = (
				18479863192BE38D0034DC1B /* Library */,
				18479873192BE38D0034DC1B /* LibraryTests */,
			);
		};
/* End PBXProject section */

/* Begin PBXResourcesBuildPhase section */
		18479872192BE38D0034DC1B /* Resources */ = {
			isa = PBXResourcesBuildPhase;
			buildActionMask = 2147483647;
			files = (
				18479882192BE38D0034DC1B /* InfoPlist.strings in Resources */,
			);
			runOnlyForDeploymentPostprocessing = 0;
		};
/* End PBXResourcesBuildPhase section */

/* Begin PBXSourcesBuildPhase section */
		18479860192BE38D0034DC1B /* Sources */ = {
			isa = PBXSourcesBuildPhase;
			buildActionMask = 2147483647;
			files = (
				1847986F192BE38D0034DC1B /* Library.m in Sources */,
			);
			runOnlyForDeploymentPostprocessing = 0;
		};
		18479870192BE38D0034DC1B /* Sources */ = {
			isa = PBXSourcesBuildPhase;
			buildActionMask = 2147483647;
			files = (
				18479884192BE38D0034DC1B /* LibraryTests.m in Sources */,
			);
			runOnlyForDeploymentPostprocessing = 0;
		};
/* End PBXSourcesBuildPhase section */

/* Begin PBXTargetDependency section */
		1847987B192BE38D0034DC1B /* PBXTargetDependency */ = {
			isa = PBXTargetDependency;
			target = 18479863192BE38D0034DC1B /* Library */;
			targetProxy = 1847987A192BE38D0034DC1B /* PBXContainerItemProxy */;
		};
/* End PBXTargetDependency section */

/* Begin PBXVariantGroup section */
		18479880192BE38D0034DC1B /* InfoPlist.strings */ = {
			isa = PBXVariantGroup;
			children = (
				18479881192BE38D0034DC1B /* en */,
			);
			name = InfoPlist.strings;
			sourceTree = "<group>";
		};
/* End PBXVariantGroup section */

/* Begin XCBuildConfiguration section */
		18479885192BE38D0034DC1B /* Debug */ = {
			isa = XCBuildConfiguration;
			buildSettings = {
				ALWAYS_SEARCH_USER_PATHS = NO;
				CLANG_CXX_LANGUAGE_STANDARD = "gnu++0x";
				CLANG_CXX_LIBRARY = "libc++";
				CLANG_ENABLE_MODULES = YES;
				CLANG_ENABLE_OBJC_ARC = YES;
				CLANG_WARN_BOOL_CONVERSION = YES;
				CLANG_WARN_CONSTANT_CONVERSION = YES;
				CLANG_WARN_DIRECT_OBJC_ISA_USAGE = YES_ERROR;
				CLANG_WARN_EMPTY_BODY = YES;
				CLANG_WARN_ENUM_CONVERSION = YES;
				CLANG_WARN_INT_CONVERSION = YES;
				CLANG_WARN_OBJC_ROOT_CLASS = YES_ERROR;
				CLANG_WARN__DUPLICATE_METHOD_MATCH = YES;
				COPY_PHASE_STRIP = NO;
				GCC_C_LANGUAGE_STANDARD = gnu99;
				GCC_DYNAMIC_NO_PIC = NO;
				GCC_OPTIMIZATION_LEVEL = 0;
				GCC_PREPROCESSOR_DEFINITIONS = (
					"DEBUG=1",
					"$(inherited)",
				);
				GCC_SYMBOLS_PRIVATE_EXTERN = NO;
				GCC_WARN_64_TO_32_BIT_CONVERSION = YES;
				GCC_WARN_ABOUT_RETURN_TYPE = YES_ERROR;
				GCC_WARN_UNDECLARED_SELECTOR = YES;
				GCC_WARN_UNINITIALIZED_AUTOS = YES_AGGRESSIVE;
				GCC_WARN_UNUSED_FUNCTION = YES;
				GCC_WARN_UNUSED_VARIABLE = YES;
				IPHONEOS_DEPLOYMENT_TARGET = 7.1;
				ONLY_ACTIVE_ARCH = YES;
				SDKROOT = iphoneos;
			};
			name = Debug;
		};
		18479886192BE38D0034DC1B /* Release */ = {
			isa = XCBuildConfiguration;
			buildSettings = {
				ALWAYS_SEARCH_USER_PATHS = NO;
				CLANG_CXX_LANGUAGE_STANDARD = "gnu++0x";
				CLANG_CXX_LIBRARY = "libc++";
				CLANG_ENABLE_MODULES = YES;
				CLANG_ENABLE_OBJC_ARC = YES;
				CLANG_WARN_BOOL_CONVERSION = YES;
				CLANG_WARN_CONSTANT_CONVERSION = YES;
				CLANG_WARN_DIRECT_OBJC_ISA_USAGE = YES_ERROR;
				CLANG_WARN_EMPTY_BODY = YES;
				CLANG_WARN_ENUM_CONVERSION = YES;
				CLANG_WARN_INT_CONVERSION = YES;
				CLANG_WARN_OBJC_ROOT_CLASS = YES_ERROR;
				CLANG_WARN__DUPLICATE_METHOD_MATCH = YES;
				COPY_PHASE_STRIP = YES;
				ENABLE_NS_ASSERTIONS = NO;
				GCC_C_LANGUAGE_STANDARD = gnu99;
				GCC_WARN_64_TO_32_BIT_CONVERSION = YES;
				GCC_WARN_ABOUT_RETURN_TYPE = YES_ERROR;
				GCC_WARN_UNDECLARED_SELECTOR = YES;
				GCC_WARN_UNINITIALIZED_AUTOS = YES_AGGRESSIVE;
				GCC_WARN_UNUSED_FUNCTION = YES;
				GCC_WARN_UNUSED_VARIABLE = YES;
				IPHONEOS_DEPLOYMENT_TARGET = 7.1;
				SDKROOT = iphoneos;
				VALIDATE_PRODUCT = YES;
			};
			name = Release;
		};
		18479888192BE38D0034DC1B /* Debug */ = {
			isa = XCBuildConfiguration;
			buildSettings = {
				DSTROOT = /tmp/Library.dst;
				GCC_PRECOMPILE_PREFIX_HEADER = YES;
				GCC_PREFIX_HEADER = "Library/Library-Prefix.pch";
				OTHER_LDFLAGS = "-ObjC";
				PRODUCT_NAME = "$(TARGET_NAME)";
				SKIP_INSTALL = YES;
			};
			name = Debug;
		};
		18479889192BE38D0034DC1B /* Release */ = {
			isa = XCBuildConfiguration;
			buildSettings = {
				DSTROOT = /tmp/Library.dst;
				GCC_PRECOMPILE_PREFIX_HEADER = YES;
				GCC_PREFIX_HEADER = "Library/Library-Prefix.pch";
				OTHER_LDFLAGS = "-ObjC";
				PRODUCT_NAME = "$(TARGET_NAME)";
				SKIP_INSTALL = YES;
			};
			name = Release;
		};
		1847988B192BE38D0034DC1B /* Debug */ = {
			isa = XCBuildConfiguration;
			buildSettings = {
				FRAMEWORK_SEARCH_PATHS = (
					"$(SDKROOT)/Developer/Library/Frameworks",
					"$(inherited)",
					"$(DEVELOPER_FRAMEWORKS_DIR)",
				);
				GCC_PRECOMPILE_PREFIX_HEADER = YES;
				GCC_PREFIX_HEADER = "Library/Library-Prefix.pch";
				GCC_PREPROCESSOR_DEFINITIONS = (
					"DEBUG=1",
					"$(inherited)",
				);
				INFOPLIST_FILE = "LibraryTests/LibraryTests-Info.plist";
				PRODUCT_NAME = "$(TARGET_NAME)";
				WRAPPER_EXTENSION = xctest;
			};
			name = Debug;
		};
		1847988C192BE38D0034DC1B /* Release */ = {
			isa = XCBuildConfiguration;
			buildSettings = {
				FRAMEWORK_SEARCH_PATHS = (
					"$(SDKROOT)/Developer/Library/Frameworks",
					"$(inherited)",
					"$(DEVELOPER_FRAMEWORKS_DIR)",
				);
				GCC_PRECOMPILE_PREFIX_HEADER = YES;
				GCC_PREFIX_HEADER = "Library/Library-Prefix.pch";
				INFOPLIST_FILE = "LibraryTests/LibraryTests-Info.plist";
				PRODUCT_NAME = "$(TARGET_NAME)";
				WRAPPER_EXTENSION = xctest;
			};
			name = Release;
		};
/* End XCBuildConfiguration section */

/* Begin XCConfigurationList section */
		1847985F192BE38D0034DC1B /* Build configuration list for PBXProject "Library" */ = {
			isa = XCConfigurationList;
			buildConfigurations = (
				18479885192BE38D0034DC1B /* Debug */,
				18479886192BE38D0034DC1B /* Release */,
			);
			defaultConfigurationIsVisible = 0;
			defaultConfigurationName = Release;
		};
		18479887192BE38D0034DC1B /* Build configuration list for PBXNativeTarget "Library" */ = {
			isa = XCConfigurationList;
			buildConfigurations = (
				18479888192BE38D0034DC1B /* Debug */,
				18479889192BE38D0034DC1B /* Release */,
			);
			defaultConfigurationIsVisible = 0;
		};
		1847988A192BE38D0034DC1B /* Build configuration list for PBXNativeTarget "LibraryTests" */ = {
			isa = XCConfigurationList;
			buildConfigurations = (
				1847988B192BE38D0034DC1B /* Debug */,
				1847988C192BE38D0034DC1B /* Release */,
			);
			defaultConfigurationIsVisible = 0;
		};
/* End XCConfigurationList section */
	};
	rootObject = 1847985C192BE38D0034DC1B /* Project object */;
}
